
Microsoft Visual Studio Solution File, Format Version 12.00
# Visual Studio Version 17
VisualStudioVersion = 17.3.32901.215
MinimumVisualStudioVersion = 10.0.40219.1
Project("{FAE04EC0-301F-11D3-BF4B-00C04F79EFBC}") = "CombinationLetters", "CombinationLetters\CombinationLetters.csproj", "{C45D716D-3A3F-4A01-9C70-B9F3D7A45232}"
EndProject
Global
	GlobalSection(SolutionConfigurationPlatforms) = preSolution
		Debug|Any CPU = Debug|Any CPU
		Release|Any CPU = Release|Any CPU
	EndGlobalSection
	GlobalSection(ProjectConfigurationPlatforms) = postSolution
		{C45D716D-3A3F-4A01-9C70-B9F3D7A45232}.Debug|Any CPU.ActiveCfg = Debug|Any CPU
		{C45D716D-3A3F-4A01-9C70-B9F3D7A45232}.Debug|Any CPU.Build.0 = Debug|Any CPU
		{C45D716D-3A3F-4A01-9C70-B9F3D7A45232}.Release|Any CPU.ActiveCfg = Release|Any CPU
		{C45D716D-3A3F-4A01-9C70-B9F3D7A45232}.Release|Any CPU.Build.0 = Release|Any CPU
	EndGlobalSection
	GlobalSection(SolutionProperties) = preSolution
		HideSolutionNode = FALSE
	EndGlobalSection
	GlobalSection(ExtensibilityGlobals) = postSolution
		SolutionGuid = {216E9EBB-120A-4A57-9961-B95CDFEFE9F1}
	EndGlobalSection
EndGlobal
